
Microsoft Visual Studio Solution File, Format Version 11.00
# Visual Studio 2010
Project("{FAE04EC0-301F-11D3-BF4B-00C04F79EFBC}") = "WindowsFormsControlLibrary1", "WindowsFormsControlLibrary1\WindowsFormsControlLibrary1.csproj", "{794EDB3A-CEAF-4C47-8323-97C0F9E7DC1E}"
EndProject
Global
	GlobalSection(SolutionConfigurationPlatforms) = preSolution
		Debug|Any CPU = Debug|Any CPU
		Release|Any CPU = Release|Any CPU
	EndGlobalSection
	GlobalSection(ProjectConfigurationPlatforms) = postSolution
		{794EDB3A-CEAF-4C47-8323-97C0F9E7DC1E}.Debug|Any CPU.ActiveCfg = Debug|Any CPU
		{794EDB3A-CEAF-4C47-8323-97C0F9E7DC1E}.Debug|Any CPU.Build.0 = Debug|Any CPU
		{794EDB3A-CEAF-4C47-8323-97C0F9E7DC1E}.Release|Any CPU.ActiveCfg = Release|Any CPU
		{794EDB3A-CEAF-4C47-8323-97C0F9E7DC1E}.Release|Any CPU.Build.0 = Release|Any CPU
	EndGlobalSection
	GlobalSection(SolutionProperties) = preSolution
		HideSolutionNode = FALSE
	EndGlobalSection
EndGlobal
